// !$*UTF8*$!
{
	archiveVersion = 1;
	classes = {
	};
	objectVersion = 77;
	objects = {

/* Begin PBXBuildFile section */
		DAD5B5392E56AFA70046554F /* CaseDetailScreen.swift in Sources */ = {isa = PBXBuildFile; fileRef = DAD5B5382E56AFA70046554F /* CaseDetailScreen.swift */; };
		DAD5B53B2E56B58E0046554F /* PatientDetailScreen.swift in Sources */ = {isa = PBXBuildFile; fileRef = DAD5B53A2E56B58E0046554F /* PatientDetailScreen.swift */; };
		F1B8B5D02E5583C500C769C8 /* ExamResultView.swift in Sources */ = {isa = PBXBuildFile; fileRef = F1B8B5CF2E5583C500C769C8 /* ExamResultView.swift */; };
		F1B8B5DB2E55E4F300C769C8 /* ExamItem.swift in Sources */ = {isa = PBXBuildFile; fileRef = F1B8B5DA2E55E4F300C769C8 /* ExamItem.swift */; };
		F1B8B5E12E55E64900C769C8 /* PhysicalExamListView.swift in Sources */ = {isa = PBXBuildFile; fileRef = F1B8B5E02E55E64900C769C8 /* PhysicalExamListView.swift */; };
		F1DA3D7D2E53575D001F8E4D /* AeraApp.swift in Sources */ = {isa = PBXBuildFile; fileRef = F1DA3D7C2E53575D001F8E4D /* AeraApp.swift */; };
		F1DA3D7F2E53575D001F8E4D /* ContentView.swift in Sources */ = {isa = PBXBuildFile; fileRef = F1DA3D7E2E53575D001F8E4D /* ContentView.swift */; };
		F1DA3D812E53575E001F8E4D /* Assets.xcassets in Resources */ = {isa = PBXBuildFile; fileRef = F1DA3D802E53575E001F8E4D /* Assets.xcassets */; };
		F1DA3D942E535804001F8E4D /* HTTPClient.swift in Sources */ = {isa = PBXBuildFile; fileRef = F1DA3D932E535803001F8E4D /* HTTPClient.swift */; };
		F1DA3DA32E538649001F8E4D /* CaseItem.swift in Sources */ = {isa = PBXBuildFile; fileRef = F1DA3DA22E538648001F8E4D /* CaseItem.swift */; };
		F1DA3DA52E538680001F8E4D /* Repository.swift in Sources */ = {isa = PBXBuildFile; fileRef = F1DA3DA42E53867F001F8E4D /* Repository.swift */; };
		F1DA3DA72E538690001F8E4D /* CaseListTabRoot.swift in Sources */ = {isa = PBXBuildFile; fileRef = F1DA3DA62E53868E001F8E4D /* CaseListTabRoot.swift */; };
		F1DA3DAB2E5386CC001F8E4D /* CaseListView.swift in Sources */ = {isa = PBXBuildFile; fileRef = F1DA3DAA2E5386CA001F8E4D /* CaseListView.swift */; };
		F1DA3DAD2E5386E3001F8E4D /* Components.swift in Sources */ = {isa = PBXBuildFile; fileRef = F1DA3DAC2E5386E1001F8E4D /* Components.swift */; };
		F1DA3DAF2E538710001F8E4D /* SeverityBadge.swift in Sources */ = {isa = PBXBuildFile; fileRef = F1DA3DAE2E538710001F8E4D /* SeverityBadge.swift */; };
		F1DA3DB12E538725001F8E4D /* FlowLayout.swift in Sources */ = {isa = PBXBuildFile; fileRef = F1DA3DB02E538725001F8E4D /* FlowLayout.swift */; };
		F1DA3DB52E538851001F8E4D /* SwiftUIView.swift in Sources */ = {isa = PBXBuildFile; fileRef = F1DA3DB42E538851001F8E4D /* SwiftUIView.swift */; };
		F1DA3DB82E5389BB001F8E4D /* NetworkRequestTestView.swift in Sources */ = {isa = PBXBuildFile; fileRef = F1DA3DB72E5389BA001F8E4D /* NetworkRequestTestView.swift */; };
		F1DA3DBD2E54B954001F8E4D /* CaseCard.swift in Sources */ = {isa = PBXBuildFile; fileRef = F1DA3DBC2E54B954001F8E4D /* CaseCard.swift */; };
		F1DA3DCF2E54BC48001F8E4D /* Screen.swift in Sources */ = {isa = PBXBuildFile; fileRef = F1DA3DCE2E54BC48001F8E4D /* Screen.swift */; };
		F1DA3DD22E54BCF7001F8E4D /* View+.swift in Sources */ = {isa = PBXBuildFile; fileRef = F1DA3DD12E54BCF7001F8E4D /* View+.swift */; };
		F1DA3DD42E54BD1D001F8E4D /* Metrics+.swift in Sources */ = {isa = PBXBuildFile; fileRef = F1DA3DD32E54BD1B001F8E4D /* Metrics+.swift */; };
		F1DA3DD62E54BE84001F8E4D /* CardSizing.swift in Sources */ = {isa = PBXBuildFile; fileRef = F1DA3DD52E54BE84001F8E4D /* CardSizing.swift */; };
		F1DA3DD92E54C6A3001F8E4D /* AddCaseEntryView.swift in Sources */ = {isa = PBXBuildFile; fileRef = F1DA3DD82E54C69E001F8E4D /* AddCaseEntryView.swift */; };
		F1DA3DDB2E54CECD001F8E4D /* CaseUploadChoiceView.swift in Sources */ = {isa = PBXBuildFile; fileRef = F1DA3DDA2E54CEBE001F8E4D /* CaseUploadChoiceView.swift */; };
		F1DA3DDE2E54D7EC001F8E4D /* ConfirmRecognizedCaseView.swift in Sources */ = {isa = PBXBuildFile; fileRef = F1DA3DDD2E54D7EB001F8E4D /* ConfirmRecognizedCaseView.swift */; };
		F1DA3DE02E54DC60001F8E4D /* RecognizeProcessingView.swift in Sources */ = {isa = PBXBuildFile; fileRef = F1DA3DDF2E54DC5F001F8E4D /* RecognizeProcessingView.swift */; };
		F1DA3DE22E54E169001F8E4D /* CaseUploadHostView.swift in Sources */ = {isa = PBXBuildFile; fileRef = F1DA3DE12E54E169001F8E4D /* CaseUploadHostView.swift */; };
/* End PBXBuildFile section */

/* Begin PBXFileReference section */
		DAD5B5382E56AFA70046554F /* CaseDetailScreen.swift */ = {isa = PBXFileReference; lastKnownFileType = sourcecode.swift; path = CaseDetailScreen.swift; sourceTree = "<group>"; };
		DAD5B53A2E56B58E0046554F /* PatientDetailScreen.swift */ = {isa = PBXFileReference; lastKnownFileType = sourcecode.swift; path = PatientDetailScreen.swift; sourceTree = "<group>"; };
		F1B8B5CF2E5583C500C769C8 /* ExamResultView.swift */ = {isa = PBXFileReference; lastKnownFileType = sourcecode.swift; path = ExamResultView.swift; sourceTree = "<group>"; };
		F1B8B5DA2E55E4F300C769C8 /* ExamItem.swift */ = {isa = PBXFileReference; lastKnownFileType = sourcecode.swift; path = ExamItem.swift; sourceTree = "<group>"; };
		F1B8B5E02E55E64900C769C8 /* PhysicalExamListView.swift */ = {isa = PBXFileReference; lastKnownFileType = sourcecode.swift; path = PhysicalExamListView.swift; sourceTree = "<group>"; };
		F1DA3D792E53575D001F8E4D /* Aera.app */ = {isa = PBXFileReference; explicitFileType = wrapper.application; includeInIndex = 0; path = Aera.app; sourceTree = BUILT_PRODUCTS_DIR; };
		F1DA3D7C2E53575D001F8E4D /* AeraApp.swift */ = {isa = PBXFileReference; lastKnownFileType = sourcecode.swift; path = AeraApp.swift; sourceTree = "<group>"; };
		F1DA3D7E2E53575D001F8E4D /* ContentView.swift */ = {isa = PBXFileReference; lastKnownFileType = sourcecode.swift; path = ContentView.swift; sourceTree = "<group>"; };
		F1DA3D802E53575E001F8E4D /* Assets.xcassets */ = {isa = PBXFileReference; lastKnownFileType = folder.assetcatalog; path = Assets.xcassets; sourceTree = "<group>"; };
		F1DA3D932E535803001F8E4D /* HTTPClient.swift */ = {isa = PBXFileReference; lastKnownFileType = sourcecode.swift; path = HTTPClient.swift; sourceTree = "<group>"; };
		F1DA3DA22E538648001F8E4D /* CaseItem.swift */ = {isa = PBXFileReference; lastKnownFileType = sourcecode.swift; path = CaseItem.swift; sourceTree = "<group>"; };
		F1DA3DA42E53867F001F8E4D /* Repository.swift */ = {isa = PBXFileReference; lastKnownFileType = sourcecode.swift; path = Repository.swift; sourceTree = "<group>"; };
		F1DA3DA62E53868E001F8E4D /* CaseListTabRoot.swift */ = {isa = PBXFileReference; lastKnownFileType = sourcecode.swift; path = CaseListTabRoot.swift; sourceTree = "<group>"; };
		F1DA3DAA2E5386CA001F8E4D /* CaseListView.swift */ = {isa = PBXFileReference; lastKnownFileType = sourcecode.swift; path = CaseListView.swift; sourceTree = "<group>"; };
		F1DA3DAC2E5386E1001F8E4D /* Components.swift */ = {isa = PBXFileReference; lastKnownFileType = sourcecode.swift; path = Components.swift; sourceTree = "<group>"; };
		F1DA3DAE2E538710001F8E4D /* SeverityBadge.swift */ = {isa = PBXFileReference; lastKnownFileType = sourcecode.swift; path = SeverityBadge.swift; sourceTree = "<group>"; };
		F1DA3DB02E538725001F8E4D /* FlowLayout.swift */ = {isa = PBXFileReference; lastKnownFileType = sourcecode.swift; path = FlowLayout.swift; sourceTree = "<group>"; };
		F1DA3DB42E538851001F8E4D /* SwiftUIView.swift */ = {isa = PBXFileReference; lastKnownFileType = sourcecode.swift; path = SwiftUIView.swift; sourceTree = "<group>"; };
		F1DA3DB72E5389BA001F8E4D /* NetworkRequestTestView.swift */ = {isa = PBXFileReference; lastKnownFileType = sourcecode.swift; path = NetworkRequestTestView.swift; sourceTree = "<group>"; };
		F1DA3DBC2E54B954001F8E4D /* CaseCard.swift */ = {isa = PBXFileReference; lastKnownFileType = sourcecode.swift; path = CaseCard.swift; sourceTree = "<group>"; };
		F1DA3DCE2E54BC48001F8E4D /* Screen.swift */ = {isa = PBXFileReference; lastKnownFileType = sourcecode.swift; path = Screen.swift; sourceTree = "<group>"; };
		F1DA3DD12E54BCF7001F8E4D /* View+.swift */ = {isa = PBXFileReference; lastKnownFileType = sourcecode.swift; path = "View+.swift"; sourceTree = "<group>"; };
		F1DA3DD32E54BD1B001F8E4D /* Metrics+.swift */ = {isa = PBXFileReference; lastKnownFileType = sourcecode.swift; path = "Metrics+.swift"; sourceTree = "<group>"; };
		F1DA3DD52E54BE84001F8E4D /* CardSizing.swift */ = {isa = PBXFileReference; lastKnownFileType = sourcecode.swift; path = CardSizing.swift; sourceTree = "<group>"; };
		F1DA3DD82E54C69E001F8E4D /* AddCaseEntryView.swift */ = {isa = PBXFileReference; lastKnownFileType = sourcecode.swift; path = AddCaseEntryView.swift; sourceTree = "<group>"; };
		F1DA3DDA2E54CEBE001F8E4D /* CaseUploadChoiceView.swift */ = {isa = PBXFileReference; lastKnownFileType = sourcecode.swift; path = CaseUploadChoiceView.swift; sourceTree = "<group>"; };
		F1DA3DDC2E54D0F8001F8E4D /* Info.plist */ = {isa = PBXFileReference; lastKnownFileType = text.plist; path = Info.plist; sourceTree = "<group>"; };
		F1DA3DDD2E54D7EB001F8E4D /* ConfirmRecognizedCaseView.swift */ = {isa = PBXFileReference; lastKnownFileType = sourcecode.swift; path = ConfirmRecognizedCaseView.swift; sourceTree = "<group>"; };
		F1DA3DDF2E54DC5F001F8E4D /* RecognizeProcessingView.swift */ = {isa = PBXFileReference; lastKnownFileType = sourcecode.swift; path = RecognizeProcessingView.swift; sourceTree = "<group>"; };
		F1DA3DE12E54E169001F8E4D /* CaseUploadHostView.swift */ = {isa = PBXFileReference; lastKnownFileType = sourcecode.swift; path = CaseUploadHostView.swift; sourceTree = "<group>"; };
/* End PBXFileReference section */

/* Begin PBXFileSystemSynchronizedRootGroup section */
		F1DA3D8E2E535780001F8E4D /* Preview Content */ = {
			isa = PBXFileSystemSynchronizedRootGroup;
			path = "Preview Content";
			sourceTree = "<group>";
		};
/* End PBXFileSystemSynchronizedRootGroup section */

/* Begin PBXFrameworksBuildPhase section */
		F1DA3D762E53575D001F8E4D /* Frameworks */ = {
			isa = PBXFrameworksBuildPhase;
			buildActionMask = 2147483647;
			files = (
			);
			runOnlyForDeploymentPostprocessing = 0;
		};
/* End PBXFrameworksBuildPhase section */

/* Begin PBXGroup section */
		DAD5B5372E56AF920046554F /* 病例详细 */ = {
			isa = PBXGroup;
			children = (
				DAD5B5382E56AFA70046554F /* CaseDetailScreen.swift */,
				DAD5B53A2E56B58E0046554F /* PatientDetailScreen.swift */,
			);
			path = "病例详细";
			sourceTree = "<group>";
		};
		F1B8B5D52E55E38F00C769C8 /* Component */ = {
			isa = PBXGroup;
			children = (
			);
			path = Component;
			sourceTree = "<group>";
		};
		F1B8B5D62E55E3DC00C769C8 /* ExamResult */ = {
			isa = PBXGroup;
			children = (
				F1B8B5D92E55E4CC00C769C8 /* Models */,
				F1B8B5D52E55E38F00C769C8 /* Component */,
				F1B8B5CF2E5583C500C769C8 /* ExamResultView.swift */,
			);
			path = ExamResult;
			sourceTree = "<group>";
		};
		F1B8B5D92E55E4CC00C769C8 /* Models */ = {
			isa = PBXGroup;
			children = (
				F1B8B5DA2E55E4F300C769C8 /* ExamItem.swift */,
				F1B8B5E02E55E64900C769C8 /* PhysicalExamListView.swift */,
			);
			path = Models;
			sourceTree = "<group>";
		};
		F1DA3D702E53575D001F8E4D = {
			isa = PBXGroup;
			children = (
				F1DA3D8A2E535773001F8E4D /* Aera */,
				F1DA3D7A2E53575D001F8E4D /* Products */,
			);
			sourceTree = "<group>";
		};
		F1DA3D7A2E53575D001F8E4D /* Products */ = {
			isa = PBXGroup;
			children = (
				F1DA3D792E53575D001F8E4D /* Aera.app */,
			);
			name = Products;
			sourceTree = "<group>";
		};
		F1DA3D8A2E535773001F8E4D /* Aera */ = {
			isa = PBXGroup;
			children = (
				F1DA3DDC2E54D0F8001F8E4D /* Info.plist */,
				F1DA3D912E5357EE001F8E4D /* Networking */,
				F1DA3D902E53578B001F8E4D /* UI */,
				F1DA3D8E2E535780001F8E4D /* Preview Content */,
				F1DA3D7C2E53575D001F8E4D /* AeraApp.swift */,
				F1DA3D802E53575E001F8E4D /* Assets.xcassets */,
				F1DA3D7E2E53575D001F8E4D /* ContentView.swift */,
			);
			path = Aera;
			sourceTree = "<group>";
		};
		F1DA3D902E53578B001F8E4D /* UI */ = {
			isa = PBXGroup;
			children = (
				DAD5B5372E56AF920046554F /* 病例详细 */,
				F1DA3DD02E54BCE7001F8E4D /* Extensions */,
				F1DA3DCD2E54BC3F001F8E4D /* Helpers */,
				F1DA3DBB2E54B93F001F8E4D /* CaseHome */,
				F1DA3DA12E538641001F8E4D /* Model */,
				F1DA3DB02E538725001F8E4D /* FlowLayout.swift */,
				F1DA3DAC2E5386E1001F8E4D /* Components.swift */,
				F1DA3DAA2E5386CA001F8E4D /* CaseListView.swift */,
				F1DA3DA62E53868E001F8E4D /* CaseListTabRoot.swift */,
				F1DA3DAE2E538710001F8E4D /* SeverityBadge.swift */,
				F1DA3DB42E538851001F8E4D /* SwiftUIView.swift */,
			);
			path = UI;
			sourceTree = "<group>";
		};
		F1DA3D912E5357EE001F8E4D /* Networking */ = {
			isa = PBXGroup;
			children = (
				F1DA3DB62E5389B2001F8E4D /* Test */,
				F1DA3D922E5357FA001F8E4D /* HTTPClient */,
			);
			path = Networking;
			sourceTree = "<group>";
		};
		F1DA3D922E5357FA001F8E4D /* HTTPClient */ = {
			isa = PBXGroup;
			children = (
				F1DA3D932E535803001F8E4D /* HTTPClient.swift */,
			);
			path = HTTPClient;
			sourceTree = "<group>";
		};
		F1DA3DA12E538641001F8E4D /* Model */ = {
			isa = PBXGroup;
			children = (
				F1DA3DA42E53867F001F8E4D /* Repository.swift */,
				F1DA3DA22E538648001F8E4D /* CaseItem.swift */,
			);
			path = Model;
			sourceTree = "<group>";
		};
		F1DA3DB62E5389B2001F8E4D /* Test */ = {
			isa = PBXGroup;
			children = (
				F1DA3DB72E5389BA001F8E4D /* NetworkRequestTestView.swift */,
			);
			path = Test;
			sourceTree = "<group>";
		};
		F1DA3DBB2E54B93F001F8E4D /* CaseHome */ = {
			isa = PBXGroup;
			children = (
				F1DA3DD72E54C67E001F8E4D /* AddCase */,
				F1DA3DBC2E54B954001F8E4D /* CaseCard.swift */,
			);
			path = CaseHome;
			sourceTree = "<group>";
		};
		F1DA3DCD2E54BC3F001F8E4D /* Helpers */ = {
			isa = PBXGroup;
			children = (
				F1DA3DD52E54BE84001F8E4D /* CardSizing.swift */,
				F1DA3DCE2E54BC48001F8E4D /* Screen.swift */,
				F1DA3DD32E54BD1B001F8E4D /* Metrics+.swift */,
			);
			path = Helpers;
			sourceTree = "<group>";
		};
		F1DA3DD02E54BCE7001F8E4D /* Extensions */ = {
			isa = PBXGroup;
			children = (
				F1DA3DD12E54BCF7001F8E4D /* View+.swift */,
			);
			path = Extensions;
			sourceTree = "<group>";
		};
		F1DA3DD72E54C67E001F8E4D /* AddCase */ = {
			isa = PBXGroup;
			children = (
				F1B8B5D62E55E3DC00C769C8 /* ExamResult */,
				F1DA3DE12E54E169001F8E4D /* CaseUploadHostView.swift */,
				F1DA3DDF2E54DC5F001F8E4D /* RecognizeProcessingView.swift */,
				F1DA3DDD2E54D7EB001F8E4D /* ConfirmRecognizedCaseView.swift */,
				F1DA3DDA2E54CEBE001F8E4D /* CaseUploadChoiceView.swift */,
				F1DA3DD82E54C69E001F8E4D /* AddCaseEntryView.swift */,
			);
			path = AddCase;
			sourceTree = "<group>";
		};
/* End PBXGroup section */

/* Begin PBXNativeTarget section */
		F1DA3D782E53575D001F8E4D /* Aera */ = {
			isa = PBXNativeTarget;
			buildConfigurationList = F1DA3D872E53575E001F8E4D /* Build configuration list for PBXNativeTarget "Aera" */;
			buildPhases = (
				F1DA3D752E53575D001F8E4D /* Sources */,
				F1DA3D762E53575D001F8E4D /* Frameworks */,
				F1DA3D772E53575D001F8E4D /* Resources */,
			);
			buildRules = (
			);
			dependencies = (
			);
			fileSystemSynchronizedGroups = (
				F1DA3D8E2E535780001F8E4D /* Preview Content */,
			);
			name = Aera;
			packageProductDependencies = (
			);
			productName = Aera;
			productReference = F1DA3D792E53575D001F8E4D /* Aera.app */;
			productType = "com.apple.product-type.application";
		};
/* End PBXNativeTarget section */

/* Begin PBXProject section */
		F1DA3D712E53575D001F8E4D /* Project object */ = {
			isa = PBXProject;
			attributes = {
				BuildIndependentTargetsInParallel = 1;
				LastSwiftUpdateCheck = 1610;
				LastUpgradeCheck = 1610;
				TargetAttributes = {
					F1DA3D782E53575D001F8E4D = {
						CreatedOnToolsVersion = 16.1;
					};
				};
			};
			buildConfigurationList = F1DA3D742E53575D001F8E4D /* Build configuration list for PBXProject "Aera" */;
			developmentRegion = en;
			hasScannedForEncodings = 0;
			knownRegions = (
				en,
				Base,
			);
			mainGroup = F1DA3D702E53575D001F8E4D;
			minimizedProjectReferenceProxies = 1;
			preferredProjectObjectVersion = 77;
			productRefGroup = F1DA3D7A2E53575D001F8E4D /* Products */;
			projectDirPath = "";
			projectRoot = "";
			targets = (
				F1DA3D782E53575D001F8E4D /* Aera */,
			);
		};
/* End PBXProject section */

/* Begin PBXResourcesBuildPhase section */
		F1DA3D772E53575D001F8E4D /* Resources */ = {
			isa = PBXResourcesBuildPhase;
			buildActionMask = 2147483647;
			files = (
				F1DA3D812E53575E001F8E4D /* Assets.xcassets in Resources */,
			);
			runOnlyForDeploymentPostprocessing = 0;
		};
/* End PBXResourcesBuildPhase section */

/* Begin PBXSourcesBuildPhase section */
		F1DA3D752E53575D001F8E4D /* Sources */ = {
			isa = PBXSourcesBuildPhase;
			buildActionMask = 2147483647;
			files = (
				F1B8B5E12E55E64900C769C8 /* PhysicalExamListView.swift in Sources */,
				F1DA3DAB2E5386CC001F8E4D /* CaseListView.swift in Sources */,
				DAD5B53B2E56B58E0046554F /* PatientDetailScreen.swift in Sources */,
				F1DA3DB82E5389BB001F8E4D /* NetworkRequestTestView.swift in Sources */,
				F1DA3DAD2E5386E3001F8E4D /* Components.swift in Sources */,
				F1DA3DD92E54C6A3001F8E4D /* AddCaseEntryView.swift in Sources */,
				F1B8B5D02E5583C500C769C8 /* ExamResultView.swift in Sources */,
				F1DA3DA72E538690001F8E4D /* CaseListTabRoot.swift in Sources */,
				F1DA3DBD2E54B954001F8E4D /* CaseCard.swift in Sources */,
				F1DA3DE02E54DC60001F8E4D /* RecognizeProcessingView.swift in Sources */,
				F1DA3DB12E538725001F8E4D /* FlowLayout.swift in Sources */,
				F1DA3D7F2E53575D001F8E4D /* ContentView.swift in Sources */,
				F1DA3DCF2E54BC48001F8E4D /* Screen.swift in Sources */,
				F1DA3DDE2E54D7EC001F8E4D /* ConfirmRecognizedCaseView.swift in Sources */,
				F1DA3DD62E54BE84001F8E4D /* CardSizing.swift in Sources */,
				F1DA3DA32E538649001F8E4D /* CaseItem.swift in Sources */,
				F1DA3D7D2E53575D001F8E4D /* AeraApp.swift in Sources */,
				F1DA3DDB2E54CECD001F8E4D /* CaseUploadChoiceView.swift in Sources */,
				F1DA3D942E535804001F8E4D /* HTTPClient.swift in Sources */,
				DAD5B5392E56AFA70046554F /* CaseDetailScreen.swift in Sources */,
				F1DA3DD42E54BD1D001F8E4D /* Metrics+.swift in Sources */,
				F1DA3DA52E538680001F8E4D /* Repository.swift in Sources */,
				F1DA3DAF2E538710001F8E4D /* SeverityBadge.swift in Sources */,
				F1B8B5DB2E55E4F300C769C8 /* ExamItem.swift in Sources */,
				F1DA3DD22E54BCF7001F8E4D /* View+.swift in Sources */,
				F1DA3DB52E538851001F8E4D /* SwiftUIView.swift in Sources */,
				F1DA3DE22E54E169001F8E4D /* CaseUploadHostView.swift in Sources */,
			);
			runOnlyForDeploymentPostprocessing = 0;
		};
/* End PBXSourcesBuildPhase section */

/* Begin XCBuildConfiguration section */
		F1DA3D852E53575E001F8E4D /* Debug */ = {
			isa = XCBuildConfiguration;
			buildSettings = {
				ALWAYS_SEARCH_USER_PATHS = NO;
				ASSETCATALOG_COMPILER_GENERATE_SWIFT_ASSET_SYMBOL_EXTENSIONS = YES;
				CLANG_ANALYZER_NONNULL = YES;
				CLANG_ANALYZER_NUMBER_OBJECT_CONVERSION = YES_AGGRESSIVE;
				CLANG_CXX_LANGUAGE_STANDARD = "gnu++20";
				CLANG_ENABLE_MODULES = YES;
				CLANG_ENABLE_OBJC_ARC = YES;
				CLANG_ENABLE_OBJC_WEAK = YES;
				CLANG_WARN_BLOCK_CAPTURE_AUTORELEASING = YES;
				CLANG_WARN_BOOL_CONVERSION = YES;
				CLANG_WARN_COMMA = YES;
				CLANG_WARN_CONSTANT_CONVERSION = YES;
				CLANG_WARN_DEPRECATED_OBJC_IMPLEMENTATIONS = YES;
				CLANG_WARN_DIRECT_OBJC_ISA_USAGE = YES_ERROR;
				CLANG_WARN_DOCUMENTATION_COMMENTS = YES;
				CLANG_WARN_EMPTY_BODY = YES;
				CLANG_WARN_ENUM_CONVERSION = YES;
				CLANG_WARN_INFINITE_RECURSION = YES;
				CLANG_WARN_INT_CONVERSION = YES;
				CLANG_WARN_NON_LITERAL_NULL_CONVERSION = YES;
				CLANG_WARN_OBJC_IMPLICIT_RETAIN_SELF = YES;
				CLANG_WARN_OBJC_LITERAL_CONVERSION = YES;
				CLANG_WARN_OBJC_ROOT_CLASS = YES_ERROR;
				CLANG_WARN_QUOTED_INCLUDE_IN_FRAMEWORK_HEADER = YES;
				CLANG_WARN_RANGE_LOOP_ANALYSIS = YES;
				CLANG_WARN_STRICT_PROTOTYPES = YES;
				CLANG_WARN_SUSPICIOUS_MOVE = YES;
				CLANG_WARN_UNGUARDED_AVAILABILITY = YES_AGGRESSIVE;
				CLANG_WARN_UNREACHABLE_CODE = YES;
				CLANG_WARN__DUPLICATE_METHOD_MATCH = YES;
				COPY_PHASE_STRIP = NO;
				DEBUG_INFORMATION_FORMAT = dwarf;
				ENABLE_STRICT_OBJC_MSGSEND = YES;
				ENABLE_TESTABILITY = YES;
				ENABLE_USER_SCRIPT_SANDBOXING = YES;
				GCC_C_LANGUAGE_STANDARD = gnu17;
				GCC_DYNAMIC_NO_PIC = NO;
				GCC_NO_COMMON_BLOCKS = YES;
				GCC_OPTIMIZATION_LEVEL = 0;
				GCC_PREPROCESSOR_DEFINITIONS = (
					"DEBUG=1",
					"$(inherited)",
				);
				GCC_WARN_64_TO_32_BIT_CONVERSION = YES;
				GCC_WARN_ABOUT_RETURN_TYPE = YES_ERROR;
				GCC_WARN_UNDECLARED_SELECTOR = YES;
				GCC_WARN_UNINITIALIZED_AUTOS = YES_AGGRESSIVE;
				GCC_WARN_UNUSED_FUNCTION = YES;
				GCC_WARN_UNUSED_VARIABLE = YES;
				IPHONEOS_DEPLOYMENT_TARGET = 18.1;
				LOCALIZATION_PREFERS_STRING_CATALOGS = YES;
				MTL_ENABLE_DEBUG_INFO = INCLUDE_SOURCE;
				MTL_FAST_MATH = YES;
				ONLY_ACTIVE_ARCH = YES;
				SDKROOT = iphoneos;
				SWIFT_ACTIVE_COMPILATION_CONDITIONS = "DEBUG $(inherited)";
				SWIFT_OPTIMIZATION_LEVEL = "-Onone";
			};
			name = Debug;
		};
		F1DA3D862E53575E001F8E4D /* Release */ = {
			isa = XCBuildConfiguration;
			buildSettings = {
				ALWAYS_SEARCH_USER_PATHS = NO;
				ASSETCATALOG_COMPILER_GENERATE_SWIFT_ASSET_SYMBOL_EXTENSIONS = YES;
				CLANG_ANALYZER_NONNULL = YES;
				CLANG_ANALYZER_NUMBER_OBJECT_CONVERSION = YES_AGGRESSIVE;
				CLANG_CXX_LANGUAGE_STANDARD = "gnu++20";
				CLANG_ENABLE_MODULES = YES;
				CLANG_ENABLE_OBJC_ARC = YES;
				CLANG_ENABLE_OBJC_WEAK = YES;
				CLANG_WARN_BLOCK_CAPTURE_AUTORELEASING = YES;
				CLANG_WARN_BOOL_CONVERSION = YES;
				CLANG_WARN_COMMA = YES;
				CLANG_WARN_CONSTANT_CONVERSION = YES;
				CLANG_WARN_DEPRECATED_OBJC_IMPLEMENTATIONS = YES;
				CLANG_WARN_DIRECT_OBJC_ISA_USAGE = YES_ERROR;
				CLANG_WARN_DOCUMENTATION_COMMENTS = YES;
				CLANG_WARN_EMPTY_BODY = YES;
				CLANG_WARN_ENUM_CONVERSION = YES;
				CLANG_WARN_INFINITE_RECURSION = YES;
				CLANG_WARN_INT_CONVERSION = YES;
				CLANG_WARN_NON_LITERAL_NULL_CONVERSION = YES;
				CLANG_WARN_OBJC_IMPLICIT_RETAIN_SELF = YES;
				CLANG_WARN_OBJC_LITERAL_CONVERSION = YES;
				CLANG_WARN_OBJC_ROOT_CLASS = YES_ERROR;
				CLANG_WARN_QUOTED_INCLUDE_IN_FRAMEWORK_HEADER = YES;
				CLANG_WARN_RANGE_LOOP_ANALYSIS = YES;
				CLANG_WARN_STRICT_PROTOTYPES = YES;
				CLANG_WARN_SUSPICIOUS_MOVE = YES;
				CLANG_WARN_UNGUARDED_AVAILABILITY = YES_AGGRESSIVE;
				CLANG_WARN_UNREACHABLE_CODE = YES;
				CLANG_WARN__DUPLICATE_METHOD_MATCH = YES;
				COPY_PHASE_STRIP = NO;
				DEBUG_INFORMATION_FORMAT = "dwarf-with-dsym";
				ENABLE_NS_ASSERTIONS = NO;
				ENABLE_STRICT_OBJC_MSGSEND = YES;
				ENABLE_USER_SCRIPT_SANDBOXING = YES;
				GCC_C_LANGUAGE_STANDARD = gnu17;
				GCC_NO_COMMON_BLOCKS = YES;
				GCC_WARN_64_TO_32_BIT_CONVERSION = YES;
				GCC_WARN_ABOUT_RETURN_TYPE = YES_ERROR;
				GCC_WARN_UNDECLARED_SELECTOR = YES;
				GCC_WARN_UNINITIALIZED_AUTOS = YES_AGGRESSIVE;
				GCC_WARN_UNUSED_FUNCTION = YES;
				GCC_WARN_UNUSED_VARIABLE = YES;
				IPHONEOS_DEPLOYMENT_TARGET = 18.1;
				LOCALIZATION_PREFERS_STRING_CATALOGS = YES;
				MTL_ENABLE_DEBUG_INFO = NO;
				MTL_FAST_MATH = YES;
				SDKROOT = iphoneos;
				SWIFT_COMPILATION_MODE = wholemodule;
				VALIDATE_PRODUCT = YES;
			};
			name = Release;
		};
		F1DA3D882E53575E001F8E4D /* Debug */ = {
			isa = XCBuildConfiguration;
			buildSettings = {
				ASSETCATALOG_COMPILER_APPICON_NAME = AppIcon;
				ASSETCATALOG_COMPILER_GLOBAL_ACCENT_COLOR_NAME = AccentColor;
				CODE_SIGN_STYLE = Automatic;
				CURRENT_PROJECT_VERSION = 1;
				DEVELOPMENT_ASSET_PATHS = "\"Aera/Preview Content\"";
				DEVELOPMENT_TEAM = 4AN6PV98G7;
				ENABLE_PREVIEWS = YES;
				GENERATE_INFOPLIST_FILE = YES;
				INFOPLIST_FILE = Aera/Info.plist;
				INFOPLIST_KEY_NSCameraUsageDescription = "Camera DEMO description <on error screen we take the description from info.plist file>";
				INFOPLIST_KEY_NSPhotoLibraryUsageDescription = "保存相册图片";
				INFOPLIST_KEY_UIApplicationSceneManifest_Generation = YES;
				INFOPLIST_KEY_UIApplicationSupportsIndirectInputEvents = YES;
				INFOPLIST_KEY_UILaunchScreen_Generation = YES;
				INFOPLIST_KEY_UISupportedInterfaceOrientations_iPad = "UIInterfaceOrientationPortrait UIInterfaceOrientationPortraitUpsideDown UIInterfaceOrientationLandscapeLeft UIInterfaceOrientationLandscapeRight";
				INFOPLIST_KEY_UISupportedInterfaceOrientations_iPhone = "UIInterfaceOrientationPortrait UIInterfaceOrientationLandscapeLeft UIInterfaceOrientationLandscapeRight";
				IPHONEOS_DEPLOYMENT_TARGET = 17.6;
				LD_RUNPATH_SEARCH_PATHS = (
					"$(inherited)",
					"@executable_path/Frameworks",
				);
				MARKETING_VERSION = 1.0;
				PRODUCT_BUNDLE_IDENTIFIER = cn.Zhaodk.Aera;
				PRODUCT_NAME = "$(TARGET_NAME)";
				SWIFT_EMIT_LOC_STRINGS = YES;
				SWIFT_VERSION = 5.0;
				TARGETED_DEVICE_FAMILY = "1,2";
			};
			name = Debug;
		};
		F1DA3D892E53575E001F8E4D /* Release */ = {
			isa = XCBuildConfiguration;
			buildSettings = {
				ASSETCATALOG_COMPILER_APPICON_NAME = AppIcon;
				ASSETCATALOG_COMPILER_GLOBAL_ACCENT_COLOR_NAME = AccentColor;
				CODE_SIGN_STYLE = Automatic;
				CURRENT_PROJECT_VERSION = 1;
				DEVELOPMENT_ASSET_PATHS = "\"Aera/Preview Content\"";
				DEVELOPMENT_TEAM = 4AN6PV98G7;
				ENABLE_PREVIEWS = YES;
				GENERATE_INFOPLIST_FILE = YES;
				INFOPLIST_FILE = Aera/Info.plist;
				INFOPLIST_KEY_NSCameraUsageDescription = "Camera DEMO description <on error screen we take the description from info.plist file>";
				INFOPLIST_KEY_NSPhotoLibraryUsageDescription = "保存相册图片";
				INFOPLIST_KEY_UIApplicationSceneManifest_Generation = YES;
				INFOPLIST_KEY_UIApplicationSupportsIndirectInputEvents = YES;
				INFOPLIST_KEY_UILaunchScreen_Generation = YES;
				INFOPLIST_KEY_UISupportedInterfaceOrientations_iPad = "UIInterfaceOrientationPortrait UIInterfaceOrientationPortraitUpsideDown UIInterfaceOrientationLandscapeLeft UIInterfaceOrientationLandscapeRight";
				INFOPLIST_KEY_UISupportedInterfaceOrientations_iPhone = "UIInterfaceOrientationPortrait UIInterfaceOrientationLandscapeLeft UIInterfaceOrientationLandscapeRight";
				IPHONEOS_DEPLOYMENT_TARGET = 17.6;
				LD_RUNPATH_SEARCH_PATHS = (
					"$(inherited)",
					"@executable_path/Frameworks",
				);
				MARKETING_VERSION = 1.0;
				PRODUCT_BUNDLE_IDENTIFIER = cn.Zhaodk.Aera;
				PRODUCT_NAME = "$(TARGET_NAME)";
				SWIFT_EMIT_LOC_STRINGS = YES;
				SWIFT_VERSION = 5.0;
				TARGETED_DEVICE_FAMILY = "1,2";
			};
			name = Release;
		};
/* End XCBuildConfiguration section */

/* Begin XCConfigurationList section */
		F1DA3D742E53575D001F8E4D /* Build configuration list for PBXProject "Aera" */ = {
			isa = XCConfigurationList;
			buildConfigurations = (
				F1DA3D852E53575E001F8E4D /* Debug */,
				F1DA3D862E53575E001F8E4D /* Release */,
			);
			defaultConfigurationIsVisible = 0;
			defaultConfigurationName = Release;
		};
		F1DA3D872E53575E001F8E4D /* Build configuration list for PBXNativeTarget "Aera" */ = {
			isa = XCConfigurationList;
			buildConfigurations = (
				F1DA3D882E53575E001F8E4D /* Debug */,
				F1DA3D892E53575E001F8E4D /* Release */,
			);
			defaultConfigurationIsVisible = 0;
			defaultConfigurationName = Release;
		};
/* End XCConfigurationList section */
	};
	rootObject = F1DA3D712E53575D001F8E4D /* Project object */;
}
